
Microsoft Visual Studio Solution File, Format Version 12.00
# Visual Studio Version 16
VisualStudioVersion = 16.0.31019.35
MinimumVisualStudioVersion = 10.0.40219.1
Project("{FAE04EC0-301F-11D3-BF4B-00C04F79EFBC}") = "ScheduleClient", "ScheduleClient\ScheduleClient.csproj", "{9EB35233-375E-4827-B5F5-FDCA7182A9A3}"
EndProject
Global
	GlobalSection(SolutionConfigurationPlatforms) = preSolution
		Debug|Any CPU = Debug|Any CPU
		Release|Any CPU = Release|Any CPU
	EndGlobalSection
	GlobalSection(ProjectConfigurationPlatforms) = postSolution
		{9EB35233-375E-4827-B5F5-FDCA7182A9A3}.Debug|Any CPU.ActiveCfg = Debug|Any CPU
		{9EB35233-375E-4827-B5F5-FDCA7182A9A3}.Debug|Any CPU.Build.0 = Debug|Any CPU
		{9EB35233-375E-4827-B5F5-FDCA7182A9A3}.Release|Any CPU.ActiveCfg = Release|Any CPU
		{9EB35233-375E-4827-B5F5-FDCA7182A9A3}.Release|Any CPU.Build.0 = Release|Any CPU
	EndGlobalSection
	GlobalSection(SolutionProperties) = preSolution
		HideSolutionNode = FALSE
	EndGlobalSection
	GlobalSection(ExtensibilityGlobals) = postSolution
		SolutionGuid = {3C484B0F-5050-4983-B422-A52442175D28}
	EndGlobalSection
EndGlobal
